Microsoft Visual Studio Solution File, Format Version 12.00
# Visual Studio Version 17
VisualStudioVersion = 17.5.2.0
MinimumVisualStudioVersion = 10.0.40219.1
Project("{2150E333-8FDC-42A3-9474-1A3956D46DE8}") = "JarvisWeb", "JarvisWeb", "{CD5FD2B5-EAAD-41E1-45BD-AA4CE3E04157}"
EndProject
Project("{2150E333-8FDC-42A3-9474-1A3956D46DE8}") = "Backend", "Backend", "{B5A8E6F0-BE97-9FD3-D200-34A8A29C4F46}"
EndProject
Project("{FAE04EC0-301F-11D3-BF4B-00C04F79EFBC}") = "JarvisAPI", "JarvisWeb\Backend\JarvisAPI\JarvisAPI.csproj", "{CDEAD39D-753C-D8F8-AAF9-4A1BC70A9911}"
EndProject
Global
	GlobalSection(SolutionConfigurationPlatforms) = preSolution
		Debug|Any CPU = Debug|Any CPU
		Release|Any CPU = Release|Any CPU
	EndGlobalSection
	GlobalSection(ProjectConfigurationPlatforms) = postSolution
		{CDEAD39D-753C-D8F8-AAF9-4A1BC70A9911}.Debug|Any CPU.ActiveCfg = Debug|Any CPU
		{CDEAD39D-753C-D8F8-AAF9-4A1BC70A9911}.Debug|Any CPU.Build.0 = Debug|Any CPU
		{CDEAD39D-753C-D8F8-AAF9-4A1BC70A9911}.Release|Any CPU.ActiveCfg = Release|Any CPU
		{CDEAD39D-753C-D8F8-AAF9-4A1BC70A9911}.Release|Any CPU.Build.0 = Release|Any CPU
	EndGlobalSection
	GlobalSection(SolutionProperties) = preSolution
		HideSolutionNode = FALSE
	EndGlobalSection
	GlobalSection(NestedProjects) = preSolution
		{B5A8E6F0-BE97-9FD3-D200-34A8A29C4F46} = {CD5FD2B5-EAAD-41E1-45BD-AA4CE3E04157}
		{CDEAD39D-753C-D8F8-AAF9-4A1BC70A9911} = {B5A8E6F0-BE97-9FD3-D200-34A8A29C4F46}
	EndGlobalSection
	GlobalSection(ExtensibilityGlobals) = postSolution
		SolutionGuid = {BDDACFF2-EF68-4596-A4FC-2EE143C8ECDC}
	EndGlobalSection
EndGlobal
